
Microsoft Visual Studio Solution File, Format Version 12.00
# Visual Studio Version 16
VisualStudioVersion = 16.0.30225.117
MinimumVisualStudioVersion = 10.0.40219.1
Project("{FAE04EC0-301F-11D3-BF4B-00C04F79EFBC}") = "RealState", "RealState\RealState.csproj", "{F200FD7F-ACEA-4B99-B8EF-63AC03F314DB}"
EndProject
Project("{FAE04EC0-301F-11D3-BF4B-00C04F79EFBC}") = "EntityCache", "EntityCache\EntityCache.csproj", "{CC417799-F38C-4997-8491-510EB1C15F74}"
EndProject
Project("{FAE04EC0-301F-11D3-BF4B-00C04F79EFBC}") = "PacketParser", "PacketParser\PacketParser.csproj", "{7E235F22-AE73-4698-9951-0F092AC91850}"
EndProject
Project("{FAE04EC0-301F-11D3-BF4B-00C04F79EFBC}") = "Advertise", "Advertise\Advertise.csproj", "{8B34C014-5867-42F1-85C9-55ED88F3759D}"
EndProject
Project("{FAE04EC0-301F-11D3-BF4B-00C04F79EFBC}") = "Accounting", "Accounting\Accounting.csproj", "{F8A06D7C-6061-47F7-8E50-7F4ECF100CDA}"
EndProject
Project("{FAE04EC0-301F-11D3-BF4B-00C04F79EFBC}") = "Persistence", "Persistence\Persistence.csproj", "{69DBDF3A-8578-44DB-95CD-08A671DE9E41}"
EndProject
Project("{FAE04EC0-301F-11D3-BF4B-00C04F79EFBC}") = "User", "User\User.csproj", "{EBED491E-32A3-4484-A5AA-E5ED61E8BB0B}"
EndProject
Project("{FAE04EC0-301F-11D3-BF4B-00C04F79EFBC}") = "Notification", "Notification\Notification.csproj", "{44A0F109-DF64-482C-BEFB-DF20038EE4DF}"
EndProject
Project("{FAE04EC0-301F-11D3-BF4B-00C04F79EFBC}") = "Cities", "Cities\Cities.csproj", "{3B865C8F-F1A2-4362-8E0A-98C9139184AD}"
EndProject
Project("{FAE04EC0-301F-11D3-BF4B-00C04F79EFBC}") = "Settings", "Settings\Settings.csproj", "{5005CB62-16E0-4240-9A2D-8001ADC9D990}"
EndProject
Project("{FAE04EC0-301F-11D3-BF4B-00C04F79EFBC}") = "Building", "Building\Building.csproj", "{ABA5AF2F-9908-48DE-9B75-53520A5B7970}"
EndProject
Project("{FAE04EC0-301F-11D3-BF4B-00C04F79EFBC}") = "Ertegha", "Ertegha\Ertegha.csproj", "{5DA0BF3C-DEB8-4075-AA1B-8F5A17E17823}"
EndProject
Project("{FAE04EC0-301F-11D3-BF4B-00C04F79EFBC}") = "Peoples", "Peoples\Peoples.csproj", "{38A2D24E-9123-4E7E-989D-36B49248A9FB}"
EndProject
Project("{FAE04EC0-301F-11D3-BF4B-00C04F79EFBC}") = "Payamak", "Payamak\Payamak.csproj", "{C8268C19-4E5C-4369-8FD4-CF89E3F16F24}"
EndProject
Project("{FAE04EC0-301F-11D3-BF4B-00C04F79EFBC}") = "Services", "..\..\Services\Services\Services\Services.csproj", "{DCB5BDE2-6238-422D-AD4E-F53AFCE9BF30}"
EndProject
Project("{FAE04EC0-301F-11D3-BF4B-00C04F79EFBC}") = "DataBaseUtilities", "..\..\DataBaseUtilities\DataBaseUtilities\DataBaseUtilities\DataBaseUtilities.csproj", "{6C91D45F-9AB2-4202-916B-DC256BDC02D7}"
EndProject
Project("{FAE04EC0-301F-11D3-BF4B-00C04F79EFBC}") = "SoftwareLock", "..\..\SoftwareLock\SoftwareLock\SoftwareLock\SoftwareLock.csproj", "{00D987F6-802C-45E1-A81C-F12FF68265A2}"
EndProject
Project("{FAE04EC0-301F-11D3-BF4B-00C04F79EFBC}") = "Sms", "..\..\Sms\Sms\Sms\Sms.csproj", "{B3FB214C-0212-4375-A063-742B58BCB925}"
EndProject
Project("{FAE04EC0-301F-11D3-BF4B-00C04F79EFBC}") = "Print", "Print\Print.csproj", "{86698884-FAD8-4D69-B7AD-4F0A437F7BCC}"
EndProject
Global
	GlobalSection(SolutionConfigurationPlatforms) = preSolution
		Debug|Any CPU = Debug|Any CPU
		Release|Any CPU = Release|Any CPU
	EndGlobalSection
	GlobalSection(ProjectConfigurationPlatforms) = postSolution
		{F200FD7F-ACEA-4B99-B8EF-63AC03F314DB}.Debug|Any CPU.ActiveCfg = Debug|Any CPU
		{F200FD7F-ACEA-4B99-B8EF-63AC03F314DB}.Debug|Any CPU.Build.0 = Debug|Any CPU
		{F200FD7F-ACEA-4B99-B8EF-63AC03F314DB}.Release|Any CPU.ActiveCfg = Release|Any CPU
		{F200FD7F-ACEA-4B99-B8EF-63AC03F314DB}.Release|Any CPU.Build.0 = Release|Any CPU
		{CC417799-F38C-4997-8491-510EB1C15F74}.Debug|Any CPU.ActiveCfg = Debug|Any CPU
		{CC417799-F38C-4997-8491-510EB1C15F74}.Debug|Any CPU.Build.0 = Debug|Any CPU
		{CC417799-F38C-4997-8491-510EB1C15F74}.Release|Any CPU.ActiveCfg = Release|Any CPU
		{CC417799-F38C-4997-8491-510EB1C15F74}.Release|Any CPU.Build.0 = Release|Any CPU
		{7E235F22-AE73-4698-9951-0F092AC91850}.Debug|Any CPU.ActiveCfg = Debug|Any CPU
		{7E235F22-AE73-4698-9951-0F092AC91850}.Debug|Any CPU.Build.0 = Debug|Any CPU
		{7E235F22-AE73-4698-9951-0F092AC91850}.Release|Any CPU.ActiveCfg = Release|Any CPU
		{7E235F22-AE73-4698-9951-0F092AC91850}.Release|Any CPU.Build.0 = Release|Any CPU
		{8B34C014-5867-42F1-85C9-55ED88F3759D}.Debug|Any CPU.ActiveCfg = Debug|Any CPU
		{8B34C014-5867-42F1-85C9-55ED88F3759D}.Debug|Any CPU.Build.0 = Debug|Any CPU
		{8B34C014-5867-42F1-85C9-55ED88F3759D}.Release|Any CPU.ActiveCfg = Release|Any CPU
		{8B34C014-5867-42F1-85C9-55ED88F3759D}.Release|Any CPU.Build.0 = Release|Any CPU
		{F8A06D7C-6061-47F7-8E50-7F4ECF100CDA}.Debug|Any CPU.ActiveCfg = Debug|Any CPU
		{F8A06D7C-6061-47F7-8E50-7F4ECF100CDA}.Debug|Any CPU.Build.0 = Debug|Any CPU
		{F8A06D7C-6061-47F7-8E50-7F4ECF100CDA}.Release|Any CPU.ActiveCfg = Release|Any CPU
		{F8A06D7C-6061-47F7-8E50-7F4ECF100CDA}.Release|Any CPU.Build.0 = Release|Any CPU
		{69DBDF3A-8578-44DB-95CD-08A671DE9E41}.Debug|Any CPU.ActiveCfg = Debug|Any CPU
		{69DBDF3A-8578-44DB-95CD-08A671DE9E41}.Debug|Any CPU.Build.0 = Debug|Any CPU
		{69DBDF3A-8578-44DB-95CD-08A671DE9E41}.Release|Any CPU.ActiveCfg = Release|Any CPU
		{69DBDF3A-8578-44DB-95CD-08A671DE9E41}.Release|Any CPU.Build.0 = Release|Any CPU
		{EBED491E-32A3-4484-A5AA-E5ED61E8BB0B}.Debug|Any CPU.ActiveCfg = Debug|Any CPU
		{EBED491E-32A3-4484-A5AA-E5ED61E8BB0B}.Debug|Any CPU.Build.0 = Debug|Any CPU
		{EBED491E-32A3-4484-A5AA-E5ED61E8BB0B}.Release|Any CPU.ActiveCfg = Release|Any CPU
		{EBED491E-32A3-4484-A5AA-E5ED61E8BB0B}.Release|Any CPU.Build.0 = Release|Any CPU
		{44A0F109-DF64-482C-BEFB-DF20038EE4DF}.Debug|Any CPU.ActiveCfg = Debug|Any CPU
		{44A0F109-DF64-482C-BEFB-DF20038EE4DF}.Debug|Any CPU.Build.0 = Debug|Any CPU
		{44A0F109-DF64-482C-BEFB-DF20038EE4DF}.Release|Any CPU.ActiveCfg = Release|Any CPU
		{44A0F109-DF64-482C-BEFB-DF20038EE4DF}.Release|Any CPU.Build.0 = Release|Any CPU
		{3B865C8F-F1A2-4362-8E0A-98C9139184AD}.Debug|Any CPU.ActiveCfg = Debug|Any CPU
		{3B865C8F-F1A2-4362-8E0A-98C9139184AD}.Debug|Any CPU.Build.0 = Debug|Any CPU
		{3B865C8F-F1A2-4362-8E0A-98C9139184AD}.Release|Any CPU.ActiveCfg = Release|Any CPU
		{3B865C8F-F1A2-4362-8E0A-98C9139184AD}.Release|Any CPU.Build.0 = Release|Any CPU
		{5005CB62-16E0-4240-9A2D-8001ADC9D990}.Debug|Any CPU.ActiveCfg = Debug|Any CPU
		{5005CB62-16E0-4240-9A2D-8001ADC9D990}.Debug|Any CPU.Build.0 = Debug|Any CPU
		{5005CB62-16E0-4240-9A2D-8001ADC9D990}.Release|Any CPU.ActiveCfg = Release|Any CPU
		{5005CB62-16E0-4240-9A2D-8001ADC9D990}.Release|Any CPU.Build.0 = Release|Any CPU
		{ABA5AF2F-9908-48DE-9B75-53520A5B7970}.Debug|Any CPU.ActiveCfg = Debug|Any CPU
		{ABA5AF2F-9908-48DE-9B75-53520A5B7970}.Debug|Any CPU.Build.0 = Debug|Any CPU
		{ABA5AF2F-9908-48DE-9B75-53520A5B7970}.Release|Any CPU.ActiveCfg = Release|Any CPU
		{ABA5AF2F-9908-48DE-9B75-53520A5B7970}.Release|Any CPU.Build.0 = Release|Any CPU
		{5DA0BF3C-DEB8-4075-AA1B-8F5A17E17823}.Debug|Any CPU.ActiveCfg = Debug|Any CPU
		{5DA0BF3C-DEB8-4075-AA1B-8F5A17E17823}.Debug|Any CPU.Build.0 = Debug|Any CPU
		{5DA0BF3C-DEB8-4075-AA1B-8F5A17E17823}.Release|Any CPU.ActiveCfg = Release|Any CPU
		{5DA0BF3C-DEB8-4075-AA1B-8F5A17E17823}.Release|Any CPU.Build.0 = Release|Any CPU
		{38A2D24E-9123-4E7E-989D-36B49248A9FB}.Debug|Any CPU.ActiveCfg = Debug|Any CPU
		{38A2D24E-9123-4E7E-989D-36B49248A9FB}.Debug|Any CPU.Build.0 = Debug|Any CPU
		{38A2D24E-9123-4E7E-989D-36B49248A9FB}.Release|Any CPU.ActiveCfg = Release|Any CPU
		{38A2D24E-9123-4E7E-989D-36B49248A9FB}.Release|Any CPU.Build.0 = Release|Any CPU
		{C8268C19-4E5C-4369-8FD4-CF89E3F16F24}.Debug|Any CPU.ActiveCfg = Debug|Any CPU
		{C8268C19-4E5C-4369-8FD4-CF89E3F16F24}.Debug|Any CPU.Build.0 = Debug|Any CPU
		{C8268C19-4E5C-4369-8FD4-CF89E3F16F24}.Release|Any CPU.ActiveCfg = Release|Any CPU
		{C8268C19-4E5C-4369-8FD4-CF89E3F16F24}.Release|Any CPU.Build.0 = Release|Any CPU
		{DCB5BDE2-6238-422D-AD4E-F53AFCE9BF30}.Debug|Any CPU.ActiveCfg = Debug|Any CPU
		{DCB5BDE2-6238-422D-AD4E-F53AFCE9BF30}.Debug|Any CPU.Build.0 = Debug|Any CPU
		{DCB5BDE2-6238-422D-AD4E-F53AFCE9BF30}.Release|Any CPU.ActiveCfg = Release|Any CPU
		{DCB5BDE2-6238-422D-AD4E-F53AFCE9BF30}.Release|Any CPU.Build.0 = Release|Any CPU
		{6C91D45F-9AB2-4202-916B-DC256BDC02D7}.Debug|Any CPU.ActiveCfg = Debug|Any CPU
		{6C91D45F-9AB2-4202-916B-DC256BDC02D7}.Debug|Any CPU.Build.0 = Debug|Any CPU
		{6C91D45F-9AB2-4202-916B-DC256BDC02D7}.Release|Any CPU.ActiveCfg = Release|Any CPU
		{6C91D45F-9AB2-4202-916B-DC256BDC02D7}.Release|Any CPU.Build.0 = Release|Any CPU
		{00D987F6-802C-45E1-A81C-F12FF68265A2}.Debug|Any CPU.ActiveCfg = Debug|Any CPU
		{00D987F6-802C-45E1-A81C-F12FF68265A2}.Debug|Any CPU.Build.0 = Debug|Any CPU
		{00D987F6-802C-45E1-A81C-F12FF68265A2}.Release|Any CPU.ActiveCfg = Release|Any CPU
		{00D987F6-802C-45E1-A81C-F12FF68265A2}.Release|Any CPU.Build.0 = Release|Any CPU
		{B3FB214C-0212-4375-A063-742B58BCB925}.Debug|Any CPU.ActiveCfg = Debug|Any CPU
		{B3FB214C-0212-4375-A063-742B58BCB925}.Debug|Any CPU.Build.0 = Debug|Any CPU
		{B3FB214C-0212-4375-A063-742B58BCB925}.Release|Any CPU.ActiveCfg = Release|Any CPU
		{B3FB214C-0212-4375-A063-742B58BCB925}.Release|Any CPU.Build.0 = Release|Any CPU
		{86698884-FAD8-4D69-B7AD-4F0A437F7BCC}.Debug|Any CPU.ActiveCfg = Debug|Any CPU
		{86698884-FAD8-4D69-B7AD-4F0A437F7BCC}.Debug|Any CPU.Build.0 = Debug|Any CPU
		{86698884-FAD8-4D69-B7AD-4F0A437F7BCC}.Release|Any CPU.ActiveCfg = Release|Any CPU
		{86698884-FAD8-4D69-B7AD-4F0A437F7BCC}.Release|Any CPU.Build.0 = Release|Any CPU
	EndGlobalSection
	GlobalSection(SolutionProperties) = preSolution
		HideSolutionNode = FALSE
	EndGlobalSection
	GlobalSection(ExtensibilityGlobals) = postSolution
		SolutionGuid = {E02DE374-0F58-48EA-8222-58CE0552F5D0}
	EndGlobalSection
EndGlobal
